
Microsoft Visual Studio Solution File, Format Version 12.00
# Visual Studio Version 17
VisualStudioVersion = 17.3.32825.248
MinimumVisualStudioVersion = 10.0.40219.1
Project("{9A19103F-16F7-4668-BE54-9A1E7A4F7556}") = "Client", "Sign In Form\Client.csproj", "{9E195140-7F62-490A-9814-7C3F526623C0}"
	ProjectSection(ProjectDependencies) = postProject
		{D86D002B-D9C2-4A54-9FEE-7D9CDD4B38FC} = {D86D002B-D9C2-4A54-9FEE-7D9CDD4B38FC}
	EndProjectSection
EndProject
Project("{FAE04EC0-301F-11D3-BF4B-00C04F79EFBC}") = "Server", "Server\Server.csproj", "{3B7D26CD-4DA1-4441-B5B4-DF91A3D52D4E}"
	ProjectSection(ProjectDependencies) = postProject
		{D86D002B-D9C2-4A54-9FEE-7D9CDD4B38FC} = {D86D002B-D9C2-4A54-9FEE-7D9CDD4B38FC}
	EndProjectSection
EndProject
Project("{FAE04EC0-301F-11D3-BF4B-00C04F79EFBC}") = "Common", "Common\Common.csproj", "{D86D002B-D9C2-4A54-9FEE-7D9CDD4B38FC}"
EndProject
Global
	GlobalSection(SolutionConfigurationPlatforms) = preSolution
		Debug|Any CPU = Debug|Any CPU
		Release|Any CPU = Release|Any CPU
	EndGlobalSection
	GlobalSection(ProjectConfigurationPlatforms) = postSolution
		{9E195140-7F62-490A-9814-7C3F526623C0}.Debug|Any CPU.ActiveCfg = Debug|Any CPU
		{9E195140-7F62-490A-9814-7C3F526623C0}.Debug|Any CPU.Build.0 = Debug|Any CPU
		{9E195140-7F62-490A-9814-7C3F526623C0}.Release|Any CPU.ActiveCfg = Release|Any CPU
		{9E195140-7F62-490A-9814-7C3F526623C0}.Release|Any CPU.Build.0 = Release|Any CPU
		{3B7D26CD-4DA1-4441-B5B4-DF91A3D52D4E}.Debug|Any CPU.ActiveCfg = Debug|Any CPU
		{3B7D26CD-4DA1-4441-B5B4-DF91A3D52D4E}.Debug|Any CPU.Build.0 = Debug|Any CPU
		{3B7D26CD-4DA1-4441-B5B4-DF91A3D52D4E}.Release|Any CPU.ActiveCfg = Release|Any CPU
		{3B7D26CD-4DA1-4441-B5B4-DF91A3D52D4E}.Release|Any CPU.Build.0 = Release|Any CPU
		{D86D002B-D9C2-4A54-9FEE-7D9CDD4B38FC}.Debug|Any CPU.ActiveCfg = Debug|Any CPU
		{D86D002B-D9C2-4A54-9FEE-7D9CDD4B38FC}.Debug|Any CPU.Build.0 = Debug|Any CPU
		{D86D002B-D9C2-4A54-9FEE-7D9CDD4B38FC}.Release|Any CPU.ActiveCfg = Release|Any CPU
		{D86D002B-D9C2-4A54-9FEE-7D9CDD4B38FC}.Release|Any CPU.Build.0 = Release|Any CPU
	EndGlobalSection
	GlobalSection(SolutionProperties) = preSolution
		HideSolutionNode = FALSE
	EndGlobalSection
	GlobalSection(ExtensibilityGlobals) = postSolution
		SolutionGuid = {4B5FBD55-E45C-4857-9707-BD906102E132}
	EndGlobalSection
EndGlobal
